
Microsoft Visual Studio Solution File, Format Version 12.00
# Visual Studio Version 16
VisualStudioVersion = 25.0.1704.3
MinimumVisualStudioVersion = 10.0.40219.1
Project("{FAE04EC0-301F-11D3-BF4B-00C04F79EFBC}") = "RpgLogicProject", "RpgLogicProject\RpgLogicProject.csproj", "{2BE20901-28A1-472E-9003-002FC66E3EB4}"
EndProject
Global
	GlobalSection(SolutionConfigurationPlatforms) = preSolution
		Debug|Any CPU = Debug|Any CPU
		Release|Any CPU = Release|Any CPU
	EndGlobalSection
	GlobalSection(ProjectConfigurationPlatforms) = postSolution
		{2BE20901-28A1-472E-9003-002FC66E3EB4}.Debug|Any CPU.ActiveCfg = Debug|Any CPU
		{2BE20901-28A1-472E-9003-002FC66E3EB4}.Debug|Any CPU.Build.0 = Debug|Any CPU
		{2BE20901-28A1-472E-9003-002FC66E3EB4}.Release|Any CPU.ActiveCfg = Release|Any CPU
		{2BE20901-28A1-472E-9003-002FC66E3EB4}.Release|Any CPU.Build.0 = Release|Any CPU
	EndGlobalSection
	GlobalSection(SolutionProperties) = preSolution
		HideSolutionNode = FALSE
	EndGlobalSection
	GlobalSection(ExtensibilityGlobals) = postSolution
		SolutionGuid = {6CDC9A31-045E-44A5-971C-3DCC12FF515F}
	EndGlobalSection
EndGlobal
